
Microsoft Visual Studio Solution File, Format Version 12.00
# Visual Studio Version 17
VisualStudioVersion = 17.7.34009.444
MinimumVisualStudioVersion = 10.0.40219.1
Project("{9A19103F-16F7-4668-BE54-9A1E7A4F7556}") = "BatSprint", "BatSprint\BatSprint.csproj", "{921B05B9-BD86-45BE-B6AA-66996673F1FF}"
EndProject
Global
	GlobalSection(SolutionConfigurationPlatforms) = preSolution
		Debug|Any CPU = Debug|Any CPU
		Release|Any CPU = Release|Any CPU
	EndGlobalSection
	GlobalSection(ProjectConfigurationPlatforms) = postSolution
		{921B05B9-BD86-45BE-B6AA-66996673F1FF}.Debug|Any CPU.ActiveCfg = Debug|Any CPU
		{921B05B9-BD86-45BE-B6AA-66996673F1FF}.Debug|Any CPU.Build.0 = Debug|Any CPU
		{921B05B9-BD86-45BE-B6AA-66996673F1FF}.Release|Any CPU.ActiveCfg = Release|Any CPU
		{921B05B9-BD86-45BE-B6AA-66996673F1FF}.Release|Any CPU.Build.0 = Release|Any CPU
	EndGlobalSection
	GlobalSection(SolutionProperties) = preSolution
		HideSolutionNode = FALSE
	EndGlobalSection
	GlobalSection(ExtensibilityGlobals) = postSolution
		SolutionGuid = {DF4411C4-B4B9-40AB-9009-2A7570B8A654}
	EndGlobalSection
EndGlobal
